
Microsoft Visual Studio Solution File, Format Version 12.00
# Visual Studio Version 17
VisualStudioVersion = 17.3.32825.248
MinimumVisualStudioVersion = 10.0.40219.1
Project("{FAE04EC0-301F-11D3-BF4B-00C04F79EFBC}") = "MainProgram", "MainProgram\MainProgram.csproj", "{1CEED161-177B-46CE-8971-A4C337723F3D}"
EndProject
Project("{FAE04EC0-301F-11D3-BF4B-00C04F79EFBC}") = "MyString", "MyString\MyString.csproj", "{E94231DD-0501-4272-AB8B-C11AA24E7B0D}"
EndProject
Global
	GlobalSection(SolutionConfigurationPlatforms) = preSolution
		Debug|Any CPU = Debug|Any CPU
		Release|Any CPU = Release|Any CPU
	EndGlobalSection
	GlobalSection(ProjectConfigurationPlatforms) = postSolution
		{1CEED161-177B-46CE-8971-A4C337723F3D}.Debug|Any CPU.ActiveCfg = Debug|Any CPU
		{1CEED161-177B-46CE-8971-A4C337723F3D}.Debug|Any CPU.Build.0 = Debug|Any CPU
		{1CEED161-177B-46CE-8971-A4C337723F3D}.Release|Any CPU.ActiveCfg = Release|Any CPU
		{1CEED161-177B-46CE-8971-A4C337723F3D}.Release|Any CPU.Build.0 = Release|Any CPU
		{E94231DD-0501-4272-AB8B-C11AA24E7B0D}.Debug|Any CPU.ActiveCfg = Debug|Any CPU
		{E94231DD-0501-4272-AB8B-C11AA24E7B0D}.Debug|Any CPU.Build.0 = Debug|Any CPU
		{E94231DD-0501-4272-AB8B-C11AA24E7B0D}.Release|Any CPU.ActiveCfg = Release|Any CPU
		{E94231DD-0501-4272-AB8B-C11AA24E7B0D}.Release|Any CPU.Build.0 = Release|Any CPU
	EndGlobalSection
	GlobalSection(SolutionProperties) = preSolution
		HideSolutionNode = FALSE
	EndGlobalSection
	GlobalSection(ExtensibilityGlobals) = postSolution
		SolutionGuid = {C1C96F98-55F0-4427-8EBF-D0929E575FB7}
	EndGlobalSection
EndGlobal
